Microsoft Visual Studio Solution File, Format Version 12.00
# Visual Studio Version 17
VisualStudioVersion = 17.5.2.0
MinimumVisualStudioVersion = 10.0.40219.1
Project("{FAE04EC0-301F-11D3-BF4B-00C04F79EFBC}") = "Db.FinDemo7", "Db.FinDemo7.csproj", "{49FAF825-FE49-99C3-1A9D-A4084DEAA0ED}"
EndProject
Global
	GlobalSection(SolutionConfigurationPlatforms) = preSolution
		Debug|Any CPU = Debug|Any CPU
		Release|Any CPU = Release|Any CPU
	EndGlobalSection
	GlobalSection(ProjectConfigurationPlatforms) = postSolution
		{49FAF825-FE49-99C3-1A9D-A4084DEAA0ED}.Debug|Any CPU.ActiveCfg = Debug|Any CPU
		{49FAF825-FE49-99C3-1A9D-A4084DEAA0ED}.Debug|Any CPU.Build.0 = Debug|Any CPU
		{49FAF825-FE49-99C3-1A9D-A4084DEAA0ED}.Release|Any CPU.ActiveCfg = Release|Any CPU
		{49FAF825-FE49-99C3-1A9D-A4084DEAA0ED}.Release|Any CPU.Build.0 = Release|Any CPU
	EndGlobalSection
	GlobalSection(SolutionProperties) = preSolution
		HideSolutionNode = FALSE
	EndGlobalSection
	GlobalSection(ExtensibilityGlobals) = postSolution
		SolutionGuid = {2E8494F3-C96B-4EDB-B38B-EB9CE11F1D9B}
	EndGlobalSection
EndGlobal
