
Microsoft Visual Studio Solution File, Format Version 12.00
# Visual Studio Version 17
VisualStudioVersion = 17.13.35731.43 d17.13
MinimumVisualStudioVersion = 10.0.40219.1
Project("{00D1A9C2-B5F0-4AF3-8072-F6C62B433612}") = "DemoDbSSDbProj", "DemoDbSSDbProj\DemoDbSSDbProj.sqlproj", "{E8C44A55-6374-4FBF-871A-64964B8F6D8F}"
EndProject
Project("{FAE04EC0-301F-11D3-BF4B-00C04F79EFBC}") = "DatabaseDemoBlazorApp", "DatabaseDemoBlazorApp\DatabaseDemoBlazorApp.csproj", "{BEACA9CC-6956-4AED-AFAD-E3364A9586D2}"
EndProject
Global
	GlobalSection(SolutionConfigurationPlatforms) = preSolution
		Debug|Any CPU = Debug|Any CPU
		Release|Any CPU = Release|Any CPU
	EndGlobalSection
	GlobalSection(ProjectConfigurationPlatforms) = postSolution
		{E8C44A55-6374-4FBF-871A-64964B8F6D8F}.Debug|Any CPU.ActiveCfg = Debug|Any CPU
		{E8C44A55-6374-4FBF-871A-64964B8F6D8F}.Debug|Any CPU.Build.0 = Debug|Any CPU
		{E8C44A55-6374-4FBF-871A-64964B8F6D8F}.Debug|Any CPU.Deploy.0 = Debug|Any CPU
		{E8C44A55-6374-4FBF-871A-64964B8F6D8F}.Release|Any CPU.ActiveCfg = Release|Any CPU
		{E8C44A55-6374-4FBF-871A-64964B8F6D8F}.Release|Any CPU.Build.0 = Release|Any CPU
		{E8C44A55-6374-4FBF-871A-64964B8F6D8F}.Release|Any CPU.Deploy.0 = Release|Any CPU
		{BEACA9CC-6956-4AED-AFAD-E3364A9586D2}.Debug|Any CPU.ActiveCfg = Debug|Any CPU
		{BEACA9CC-6956-4AED-AFAD-E3364A9586D2}.Debug|Any CPU.Build.0 = Debug|Any CPU
		{BEACA9CC-6956-4AED-AFAD-E3364A9586D2}.Release|Any CPU.ActiveCfg = Release|Any CPU
		{BEACA9CC-6956-4AED-AFAD-E3364A9586D2}.Release|Any CPU.Build.0 = Release|Any CPU
	EndGlobalSection
	GlobalSection(SolutionProperties) = preSolution
		HideSolutionNode = FALSE
	EndGlobalSection
	GlobalSection(ExtensibilityGlobals) = postSolution
		SolutionGuid = {C6A56C5B-1618-4CB7-9BB0-AC485F4883A0}
	EndGlobalSection
EndGlobal
